// !$*UTF8*$!
{
	archiveVersion = 1;
	classes = {
	};
	objectVersion = 55;
	objects = {

/* Begin PBXBuildFile section */
		BCAB5727291C3FC300F3FD30 /* AppDelegate.swift in Sources */ = {isa = PBXBuildFile; fileRef = BCAB5726291C3FC300F3FD30 /* AppDelegate.swift */; };
		BCAB5729291C3FC300F3FD30 /* SceneDelegate.swift in Sources */ = {isa = PBXBuildFile; fileRef = BCAB5728291C3FC300F3FD30 /* SceneDelegate.swift */; };
		BCAB572E291C3FC300F3FD30 /* Main.storyboard in Resources */ = {isa = PBXBuildFile; fileRef = BCAB572C291C3FC300F3FD30 /* Main.storyboard */; };
		BCAB5730291C3FC800F3FD30 /* Assets.xcassets in Resources */ = {isa = PBXBuildFile; fileRef = BCAB572F291C3FC800F3FD30 /* Assets.xcassets */; };
		BCAB5733291C3FC800F3FD30 /* LaunchScreen.storyboard in Resources */ = {isa = PBXBuildFile; fileRef = BCAB5731291C3FC800F3FD30 /* LaunchScreen.storyboard */; };
		BCAB573B291C405500F3FD30 /* MainTableViewController.swift in Sources */ = {isa = PBXBuildFile; fileRef = BCAB573A291C405500F3FD30 /* MainTableViewController.swift */; };
		BCAB5745291C411700F3FD30 /* Optional.swift in Sources */ = {isa = PBXBuildFile; fileRef = BCAB5744291C411700F3FD30 /* Optional.swift */; };
		BCAB5748291C419400F3FD30 /* Employee.swift in Sources */ = {isa = PBXBuildFile; fileRef = BCAB5747291C419400F3FD30 /* Employee.swift */; };
		BCAB574D291C420000F3FD30 /* EmployeeConstants.swift in Sources */ = {isa = PBXBuildFile; fileRef = BCAB574C291C420000F3FD30 /* EmployeeConstants.swift */; };
		BCAB574F291C421300F3FD30 /* ExternalConstants.swift in Sources */ = {isa = PBXBuildFile; fileRef = BCAB574E291C421300F3FD30 /* ExternalConstants.swift */; };
		BCAB5752291C428000F3FD30 /* EmployeeAPI.swift in Sources */ = {isa = PBXBuildFile; fileRef = BCAB5751291C428000F3FD30 /* EmployeeAPI.swift */; };
		BCAB5755291C4EAB00F3FD30 /* ImageData.swift in Sources */ = {isa = PBXBuildFile; fileRef = BCAB5754291C4EAB00F3FD30 /* ImageData.swift */; };
		BCAB575D291C5B3100F3FD30 /* SquareMobileTakeHomeTests.swift in Sources */ = {isa = PBXBuildFile; fileRef = BCAB575C291C5B3100F3FD30 /* SquareMobileTakeHomeTests.swift */; };
/* End PBXBuildFile section */

/* Begin PBXContainerItemProxy section */
		BCAB575E291C5B3100F3FD30 /* PBXContainerItemProxy */ = {
			isa = PBXContainerItemProxy;
			containerPortal = BCAB571B291C3FC300F3FD30 /* Project object */;
			proxyType = 1;
			remoteGlobalIDString = BCAB5722291C3FC300F3FD30;
			remoteInfo = SquareMobileTakeHome;
		};
/* End PBXContainerItemProxy section */

/* Begin PBXFileReference section */
		BCAB5723291C3FC300F3FD30 /* SquareMobileTakeHome.app */ = {isa = PBXFileReference; explicitFileType = wrapper.application; includeInIndex = 0; path = SquareMobileTakeHome.app; sourceTree = BUILT_PRODUCTS_DIR; };
		BCAB5726291C3FC300F3FD30 /* AppDelegate.swift */ = {isa = PBXFileReference; lastKnownFileType = sourcecode.swift; path = AppDelegate.swift; sourceTree = "<group>"; };
		BCAB5728291C3FC300F3FD30 /* SceneDelegate.swift */ = {isa = PBXFileReference; lastKnownFileType = sourcecode.swift; path = SceneDelegate.swift; sourceTree = "<group>"; };
		BCAB572D291C3FC300F3FD30 /* Base */ = {isa = PBXFileReference; lastKnownFileType = file.storyboard; name = Base; path = Base.lproj/Main.storyboard; sourceTree = "<group>"; };
		BCAB572F291C3FC800F3FD30 /* Assets.xcassets */ = {isa = PBXFileReference; lastKnownFileType = folder.assetcatalog; path = Assets.xcassets; sourceTree = "<group>"; };
		BCAB5732291C3FC800F3FD30 /* Base */ = {isa = PBXFileReference; lastKnownFileType = file.storyboard; name = Base; path = Base.lproj/LaunchScreen.storyboard; sourceTree = "<group>"; };
		BCAB5734291C3FC800F3FD30 /* Info.plist */ = {isa = PBXFileReference; lastKnownFileType = text.plist.xml; path = Info.plist; sourceTree = "<group>"; };
		BCAB573A291C405500F3FD30 /* MainTableViewController.swift */ = {isa = PBXFileReference; lastKnownFileType = sourcecode.swift; path = MainTableViewController.swift; sourceTree = "<group>"; };
		BCAB5744291C411700F3FD30 /* Optional.swift */ = {isa = PBXFileReference; lastKnownFileType = sourcecode.swift; path = Optional.swift; sourceTree = "<group>"; };
		BCAB5747291C419400F3FD30 /* Employee.swift */ = {isa = PBXFileReference; lastKnownFileType = sourcecode.swift; path = Employee.swift; sourceTree = "<group>"; };
		BCAB574C291C420000F3FD30 /* EmployeeConstants.swift */ = {isa = PBXFileReference; lastKnownFileType = sourcecode.swift; path = EmployeeConstants.swift; sourceTree = "<group>"; };
		BCAB574E291C421300F3FD30 /* ExternalConstants.swift */ = {isa = PBXFileReference; lastKnownFileType = sourcecode.swift; path = ExternalConstants.swift; sourceTree = "<group>"; };
		BCAB5751291C428000F3FD30 /* EmployeeAPI.swift */ = {isa = PBXFileReference; lastKnownFileType = sourcecode.swift; path = EmployeeAPI.swift; sourceTree = "<group>"; };
		BCAB5754291C4EAB00F3FD30 /* ImageData.swift */ = {isa = PBXFileReference; lastKnownFileType = sourcecode.swift; path = ImageData.swift; sourceTree = "<group>"; };
		BCAB575A291C5B3100F3FD30 /* SquareMobileTakeHomeTests.xctest */ = {isa = PBXFileReference; explicitFileType = wrapper.cfbundle; includeInIndex = 0; path = SquareMobileTakeHomeTests.xctest; sourceTree = BUILT_PRODUCTS_DIR; };
		BCAB575C291C5B3100F3FD30 /* SquareMobileTakeHomeTests.swift */ = {isa = PBXFileReference; lastKnownFileType = sourcecode.swift; path = SquareMobileTakeHomeTests.swift; sourceTree = "<group>"; };
/* End PBXFileReference section */

/* Begin PBXFrameworksBuildPhase section */
		BCAB5720291C3FC300F3FD30 /* Frameworks */ = {
			isa = PBXFrameworksBuildPhase;
			buildActionMask = 2147483647;
			files = (
			);
			runOnlyForDeploymentPostprocessing = 0;
		};
		BCAB5757291C5B3100F3FD30 /* Frameworks */ = {
			isa = PBXFrameworksBuildPhase;
			buildActionMask = 2147483647;
			files = (
			);
			runOnlyForDeploymentPostprocessing = 0;
		};
/* End PBXFrameworksBuildPhase section */

/* Begin PBXGroup section */
		BCAB571A291C3FC300F3FD30 = {
			isa = PBXGroup;
			children = (
				BCAB5725291C3FC300F3FD30 /* SquareMobileTakeHome */,
				BCAB575B291C5B3100F3FD30 /* SquareMobileTakeHomeTests */,
				BCAB5724291C3FC300F3FD30 /* Products */,
			);
			sourceTree = "<group>";
		};
		BCAB5724291C3FC300F3FD30 /* Products */ = {
			isa = PBXGroup;
			children = (
				BCAB5723291C3FC300F3FD30 /* SquareMobileTakeHome.app */,
				BCAB575A291C5B3100F3FD30 /* SquareMobileTakeHomeTests.xctest */,
			);
			name = Products;
			sourceTree = "<group>";
		};
		BCAB5725291C3FC300F3FD30 /* SquareMobileTakeHome */ = {
			isa = PBXGroup;
			children = (
				BCAB5741291C40CD00F3FD30 /* Storyboards */,
				BCAB5740291C40BF00F3FD30 /* Resources */,
				BCAB573F291C40A400F3FD30 /* Tools */,
				BCAB573E291C409A00F3FD30 /* Models */,
				BCAB573D291C408C00F3FD30 /* Controllers */,
				BCAB573C291C408200F3FD30 /* Views */,
				BCAB5734291C3FC800F3FD30 /* Info.plist */,
			);
			path = SquareMobileTakeHome;
			sourceTree = "<group>";
		};
		BCAB573C291C408200F3FD30 /* Views */ = {
			isa = PBXGroup;
			children = (
				BCAB573A291C405500F3FD30 /* MainTableViewController.swift */,
			);
			path = Views;
			sourceTree = "<group>";
		};
		BCAB573D291C408C00F3FD30 /* Controllers */ = {
			isa = PBXGroup;
			children = (
				BCAB5726291C3FC300F3FD30 /* AppDelegate.swift */,
				BCAB5728291C3FC300F3FD30 /* SceneDelegate.swift */,
			);
			path = Controllers;
			sourceTree = "<group>";
		};
		BCAB573E291C409A00F3FD30 /* Models */ = {
			isa = PBXGroup;
			children = (
				BCAB5750291C426F00F3FD30 /* EmployeeAPI */,
				BCAB5747291C419400F3FD30 /* Employee.swift */,
				BCAB5742291C40F100F3FD30 /* Constants */,
				BCAB5754291C4EAB00F3FD30 /* ImageData.swift */,
			);
			path = Models;
			sourceTree = "<group>";
		};
		BCAB573F291C40A400F3FD30 /* Tools */ = {
			isa = PBXGroup;
			children = (
				BCAB5743291C410500F3FD30 /* Extensions */,
			);
			path = Tools;
			sourceTree = "<group>";
		};
		BCAB5740291C40BF00F3FD30 /* Resources */ = {
			isa = PBXGroup;
			children = (
				BCAB572F291C3FC800F3FD30 /* Assets.xcassets */,
			);
			path = Resources;
			sourceTree = "<group>";
		};
		BCAB5741291C40CD00F3FD30 /* Storyboards */ = {
			isa = PBXGroup;
			children = (
				BCAB572C291C3FC300F3FD30 /* Main.storyboard */,
				BCAB5731291C3FC800F3FD30 /* LaunchScreen.storyboard */,
			);
			path = Storyboards;
			sourceTree = "<group>";
		};
		BCAB5742291C40F100F3FD30 /* Constants */ = {
			isa = PBXGroup;
			children = (
				BCAB574C291C420000F3FD30 /* EmployeeConstants.swift */,
				BCAB574E291C421300F3FD30 /* ExternalConstants.swift */,
			);
			path = Constants;
			sourceTree = "<group>";
		};
		BCAB5743291C410500F3FD30 /* Extensions */ = {
			isa = PBXGroup;
			children = (
				BCAB5744291C411700F3FD30 /* Optional.swift */,
			);
			path = Extensions;
			sourceTree = "<group>";
		};
		BCAB5750291C426F00F3FD30 /* EmployeeAPI */ = {
			isa = PBXGroup;
			children = (
				BCAB5751291C428000F3FD30 /* EmployeeAPI.swift */,
			);
			path = EmployeeAPI;
			sourceTree = "<group>";
		};
		BCAB575B291C5B3100F3FD30 /* SquareMobileTakeHomeTests */ = {
			isa = PBXGroup;
			children = (
				BCAB575C291C5B3100F3FD30 /* SquareMobileTakeHomeTests.swift */,
			);
			path = SquareMobileTakeHomeTests;
			sourceTree = "<group>";
		};
/* End PBXGroup section */

/* Begin PBXNativeTarget section */
		BCAB5722291C3FC300F3FD30 /* SquareMobileTakeHome */ = {
			isa = PBXNativeTarget;
			buildConfigurationList = BCAB5737291C3FC800F3FD30 /* Build configuration list for PBXNativeTarget "SquareMobileTakeHome" */;
			buildPhases = (
				BCAB571F291C3FC300F3FD30 /* Sources */,
				BCAB5720291C3FC300F3FD30 /* Frameworks */,
				BCAB5721291C3FC300F3FD30 /* Resources */,
			);
			buildRules = (
			);
			dependencies = (
			);
			name = SquareMobileTakeHome;
			productName = SquareMobileTakeHome;
			productReference = BCAB5723291C3FC300F3FD30 /* SquareMobileTakeHome.app */;
			productType = "com.apple.product-type.application";
		};
		BCAB5759291C5B3100F3FD30 /* SquareMobileTakeHomeTests */ = {
			isa = PBXNativeTarget;
			buildConfigurationList = BCAB5760291C5B3100F3FD30 /* Build configuration list for PBXNativeTarget "SquareMobileTakeHomeTests" */;
			buildPhases = (
				BCAB5756291C5B3100F3FD30 /* Sources */,
				BCAB5757291C5B3100F3FD30 /* Frameworks */,
				BCAB5758291C5B3100F3FD30 /* Resources */,
			);
			buildRules = (
			);
			dependencies = (
				BCAB575F291C5B3100F3FD30 /* PBXTargetDependency */,
			);
			name = SquareMobileTakeHomeTests;
			productName = SquareMobileTakeHomeTests;
			productReference = BCAB575A291C5B3100F3FD30 /* SquareMobileTakeHomeTests.xctest */;
			productType = "com.apple.product-type.bundle.unit-test";
		};
/* End PBXNativeTarget section */

/* Begin PBXProject section */
		BCAB571B291C3FC300F3FD30 /* Project object */ = {
			isa = PBXProject;
			attributes = {
				BuildIndependentTargetsInParallel = 1;
				LastSwiftUpdateCheck = 1340;
				LastUpgradeCheck = 1340;
				TargetAttributes = {
					BCAB5722291C3FC300F3FD30 = {
						CreatedOnToolsVersion = 13.4.1;
					};
					BCAB5759291C5B3100F3FD30 = {
						CreatedOnToolsVersion = 13.4.1;
						TestTargetID = BCAB5722291C3FC300F3FD30;
					};
				};
			};
			buildConfigurationList = BCAB571E291C3FC300F3FD30 /* Build configuration list for PBXProject "SquareMobileTakeHome" */;
			compatibilityVersion = "Xcode 13.0";
			developmentRegion = en;
			hasScannedForEncodings = 0;
			knownRegions = (
				en,
				Base,
			);
			mainGroup = BCAB571A291C3FC300F3FD30;
			productRefGroup = BCAB5724291C3FC300F3FD30 /* Products */;
			projectDirPath = "";
			projectRoot = "";
			targets = (
				BCAB5722291C3FC300F3FD30 /* SquareMobileTakeHome */,
				BCAB5759291C5B3100F3FD30 /* SquareMobileTakeHomeTests */,
			);
		};
/* End PBXProject section */

/* Begin PBXResourcesBuildPhase section */
		BCAB5721291C3FC300F3FD30 /* Resources */ = {
			isa = PBXResourcesBuildPhase;
			buildActionMask = 2147483647;
			files = (
				BCAB5733291C3FC800F3FD30 /* LaunchScreen.storyboard in Resources */,
				BCAB5730291C3FC800F3FD30 /* Assets.xcassets in Resources */,
				BCAB572E291C3FC300F3FD30 /* Main.storyboard in Resources */,
			);
			runOnlyForDeploymentPostprocessing = 0;
		};
		BCAB5758291C5B3100F3FD30 /* Resources */ = {
			isa = PBXResourcesBuildPhase;
			buildActionMask = 2147483647;
			files = (
			);
			runOnlyForDeploymentPostprocessing = 0;
		};
/* End PBXResourcesBuildPhase section */

/* Begin PBXSourcesBuildPhase section */
		BCAB571F291C3FC300F3FD30 /* Sources */ = {
			isa = PBXSourcesBuildPhase;
			buildActionMask = 2147483647;
			files = (
				BCAB5727291C3FC300F3FD30 /* AppDelegate.swift in Sources */,
				BCAB574F291C421300F3FD30 /* ExternalConstants.swift in Sources */,
				BCAB5752291C428000F3FD30 /* EmployeeAPI.swift in Sources */,
				BCAB574D291C420000F3FD30 /* EmployeeConstants.swift in Sources */,
				BCAB573B291C405500F3FD30 /* MainTableViewController.swift in Sources */,
				BCAB5755291C4EAB00F3FD30 /* ImageData.swift in Sources */,
				BCAB5729291C3FC300F3FD30 /* SceneDelegate.swift in Sources */,
				BCAB5748291C419400F3FD30 /* Employee.swift in Sources */,
				BCAB5745291C411700F3FD30 /* Optional.swift in Sources */,
			);
			runOnlyForDeploymentPostprocessing = 0;
		};
		BCAB5756291C5B3100F3FD30 /* Sources */ = {
			isa = PBXSourcesBuildPhase;
			buildActionMask = 2147483647;
			files = (
				BCAB575D291C5B3100F3FD30 /* SquareMobileTakeHomeTests.swift in Sources */,
			);
			runOnlyForDeploymentPostprocessing = 0;
		};
/* End PBXSourcesBuildPhase section */

/* Begin PBXTargetDependency section */
		BCAB575F291C5B3100F3FD30 /* PBXTargetDependency */ = {
			isa = PBXTargetDependency;
			target = BCAB5722291C3FC300F3FD30 /* SquareMobileTakeHome */;
			targetProxy = BCAB575E291C5B3100F3FD30 /* PBXContainerItemProxy */;
		};
/* End PBXTargetDependency section */

/* Begin PBXVariantGroup section */
		BCAB572C291C3FC300F3FD30 /* Main.storyboard */ = {
			isa = PBXVariantGroup;
			children = (
				BCAB572D291C3FC300F3FD30 /* Base */,
			);
			name = Main.storyboard;
			sourceTree = "<group>";
		};
		BCAB5731291C3FC800F3FD30 /* LaunchScreen.storyboard */ = {
			isa = PBXVariantGroup;
			children = (
				BCAB5732291C3FC800F3FD30 /* Base */,
			);
			name = LaunchScreen.storyboard;
			sourceTree = "<group>";
		};
/* End PBXVariantGroup section */

/* Begin XCBuildConfiguration section */
		BCAB5735291C3FC800F3FD30 /* Debug */ = {
			isa = XCBuildConfiguration;
			buildSettings = {
				ALWAYS_SEARCH_USER_PATHS = NO;
				CLANG_ANALYZER_NONNULL = YES;
				CLANG_ANALYZER_NUMBER_OBJECT_CONVERSION = YES_AGGRESSIVE;
				CLANG_CXX_LANGUAGE_STANDARD = "gnu++17";
				CLANG_ENABLE_MODULES = YES;
				CLANG_ENABLE_OBJC_ARC = YES;
				CLANG_ENABLE_OBJC_WEAK = YES;
				CLANG_WARN_BLOCK_CAPTURE_AUTORELEASING = YES;
				CLANG_WARN_BOOL_CONVERSION = YES;
				CLANG_WARN_COMMA = YES;
				CLANG_WARN_CONSTANT_CONVERSION = YES;
				CLANG_WARN_DEPRECATED_OBJC_IMPLEMENTATIONS = YES;
				CLANG_WARN_DIRECT_OBJC_ISA_USAGE = YES_ERROR;
				CLANG_WARN_DOCUMENTATION_COMMENTS = YES;
				CLANG_WARN_EMPTY_BODY = YES;
				CLANG_WARN_ENUM_CONVERSION = YES;
				CLANG_WARN_INFINITE_RECURSION = YES;
				CLANG_WARN_INT_CONVERSION = YES;
				CLANG_WARN_NON_LITERAL_NULL_CONVERSION = YES;
				CLANG_WARN_OBJC_IMPLICIT_RETAIN_SELF = YES;
				CLANG_WARN_OBJC_LITERAL_CONVERSION = YES;
				CLANG_WARN_OBJC_ROOT_CLASS = YES_ERROR;
				CLANG_WARN_QUOTED_INCLUDE_IN_FRAMEWORK_HEADER = YES;
				CLANG_WARN_RANGE_LOOP_ANALYSIS = YES;
				CLANG_WARN_STRICT_PROTOTYPES = YES;
				CLANG_WARN_SUSPICIOUS_MOVE = YES;
				CLANG_WARN_UNGUARDED_AVAILABILITY = YES_AGGRESSIVE;
				CLANG_WARN_UNREACHABLE_CODE = YES;
				CLANG_WARN__DUPLICATE_METHOD_MATCH = YES;
				COPY_PHASE_STRIP = NO;
				DEBUG_INFORMATION_FORMAT = dwarf;
				ENABLE_STRICT_OBJC_MSGSEND = YES;
				ENABLE_TESTABILITY = YES;
				GCC_C_LANGUAGE_STANDARD = gnu11;
				GCC_DYNAMIC_NO_PIC = NO;
				GCC_NO_COMMON_BLOCKS = YES;
				GCC_OPTIMIZATION_LEVEL = 0;
				GCC_PREPROCESSOR_DEFINITIONS = (
					"DEBUG=1",
					"$(inherited)",
				);
				GCC_WARN_64_TO_32_BIT_CONVERSION = YES;
				GCC_WARN_ABOUT_RETURN_TYPE = YES_ERROR;
				GCC_WARN_UNDECLARED_SELECTOR = YES;
				GCC_WARN_UNINITIALIZED_AUTOS = YES_AGGRESSIVE;
				GCC_WARN_UNUSED_FUNCTION = YES;
				GCC_WARN_UNUSED_VARIABLE = YES;
				IPHONEOS_DEPLOYMENT_TARGET = 15.5;
				MTL_ENABLE_DEBUG_INFO = INCLUDE_SOURCE;
				MTL_FAST_MATH = YES;
				ONLY_ACTIVE_ARCH = YES;
				SDKROOT = iphoneos;
				SWIFT_ACTIVE_COMPILATION_CONDITIONS = DEBUG;
				SWIFT_OPTIMIZATION_LEVEL = "-Onone";
			};
			name = Debug;
		};
		BCAB5736291C3FC800F3FD30 /* Release */ = {
			isa = XCBuildConfiguration;
			buildSettings = {
				ALWAYS_SEARCH_USER_PATHS = NO;
				CLANG_ANALYZER_NONNULL = YES;
				CLANG_ANALYZER_NUMBER_OBJECT_CONVERSION = YES_AGGRESSIVE;
				CLANG_CXX_LANGUAGE_STANDARD = "gnu++17";
				CLANG_ENABLE_MODULES = YES;
				CLANG_ENABLE_OBJC_ARC = YES;
				CLANG_ENABLE_OBJC_WEAK = YES;
				CLANG_WARN_BLOCK_CAPTURE_AUTORELEASING = YES;
				CLANG_WARN_BOOL_CONVERSION = YES;
				CLANG_WARN_COMMA = YES;
				CLANG_WARN_CONSTANT_CONVERSION = YES;
				CLANG_WARN_DEPRECATED_OBJC_IMPLEMENTATIONS = YES;
				CLANG_WARN_DIRECT_OBJC_ISA_USAGE = YES_ERROR;
				CLANG_WARN_DOCUMENTATION_COMMENTS = YES;
				CLANG_WARN_EMPTY_BODY = YES;
				CLANG_WARN_ENUM_CONVERSION = YES;
				CLANG_WARN_INFINITE_RECURSION = YES;
				CLANG_WARN_INT_CONVERSION = YES;
				CLANG_WARN_NON_LITERAL_NULL_CONVERSION = YES;
				CLANG_WARN_OBJC_IMPLICIT_RETAIN_SELF = YES;
				CLANG_WARN_OBJC_LITERAL_CONVERSION = YES;
				CLANG_WARN_OBJC_ROOT_CLASS = YES_ERROR;
				CLANG_WARN_QUOTED_INCLUDE_IN_FRAMEWORK_HEADER = YES;
				CLANG_WARN_RANGE_LOOP_ANALYSIS = YES;
				CLANG_WARN_STRICT_PROTOTYPES = YES;
				CLANG_WARN_SUSPICIOUS_MOVE = YES;
				CLANG_WARN_UNGUARDED_AVAILABILITY = YES_AGGRESSIVE;
				CLANG_WARN_UNREACHABLE_CODE = YES;
				CLANG_WARN__DUPLICATE_METHOD_MATCH = YES;
				COPY_PHASE_STRIP = NO;
				DEBUG_INFORMATION_FORMAT = "dwarf-with-dsym";
				ENABLE_NS_ASSERTIONS = NO;
				ENABLE_STRICT_OBJC_MSGSEND = YES;
				GCC_C_LANGUAGE_STANDARD = gnu11;
				GCC_NO_COMMON_BLOCKS = YES;
				GCC_WARN_64_TO_32_BIT_CONVERSION = YES;
				GCC_WARN_ABOUT_RETURN_TYPE = YES_ERROR;
				GCC_WARN_UNDECLARED_SELECTOR = YES;
				GCC_WARN_UNINITIALIZED_AUTOS = YES_AGGRESSIVE;
				GCC_WARN_UNUSED_FUNCTION = YES;
				GCC_WARN_UNUSED_VARIABLE = YES;
				IPHONEOS_DEPLOYMENT_TARGET = 15.5;
				MTL_ENABLE_DEBUG_INFO = NO;
				MTL_FAST_MATH = YES;
				SDKROOT = iphoneos;
				SWIFT_COMPILATION_MODE = wholemodule;
				SWIFT_OPTIMIZATION_LEVEL = "-O";
				VALIDATE_PRODUCT = YES;
			};
			name = Release;
		};
		BCAB5738291C3FC800F3FD30 /* Debug */ = {
			isa = XCBuildConfiguration;
			buildSettings = {
				ASSETCATALOG_COMPILER_APPICON_NAME = AppIcon;
				ASSETCATALOG_COMPILER_GLOBAL_ACCENT_COLOR_NAME = AccentColor;
				CODE_SIGN_STYLE = Automatic;
				CURRENT_PROJECT_VERSION = 1;
				DEVELOPMENT_TEAM = 2WBD7U8CLH;
				GENERATE_INFOPLIST_FILE = YES;
				INFOPLIST_FILE = SquareMobileTakeHome/Info.plist;
				INFOPLIST_KEY_UIApplicationSupportsIndirectInputEvents = YES;
				INFOPLIST_KEY_UILaunchStoryboardName = LaunchScreen;
				INFOPLIST_KEY_UIMainStoryboardFile = Main;
				INFOPLIST_KEY_UIStatusBarHidden = YES;
				INFOPLIST_KEY_UISupportedInterfaceOrientations = UIInterfaceOrientationPortrait;
				INFOPLIST_KEY_UISupportedInterfaceOrientations_iPad = "UIInterfaceOrientationPortrait UIInterfaceOrientationPortraitUpsideDown UIInterfaceOrientationLandscapeLeft UIInterfaceOrientationLandscapeRight";
				INFOPLIST_KEY_UISupportedInterfaceOrientations_iPhone = "UIInterfaceOrientationPortrait UIInterfaceOrientationLandscapeLeft UIInterfaceOrientationLandscapeRight";
				IPHONEOS_DEPLOYMENT_TARGET = 14.0;
				LD_RUNPATH_SEARCH_PATHS = (
					"$(inherited)",
					"@executable_path/Frameworks",
				);
				MARKETING_VERSION = 1.0;
				PRODUCT_BUNDLE_IDENTIFIER = com.skyroth.SquareMobileTakeHome;
				PRODUCT_NAME = "$(TARGET_NAME)";
				SWIFT_EMIT_LOC_STRINGS = YES;
				SWIFT_VERSION = 5.0;
				TARGETED_DEVICE_FAMILY = 1;
			};
			name = Debug;
		};
		BCAB5739291C3FC800F3FD30 /* Release */ = {
			isa = XCBuildConfiguration;
			buildSettings = {
				ASSETCATALOG_COMPILER_APPICON_NAME = AppIcon;
				ASSETCATALOG_COMPILER_GLOBAL_ACCENT_COLOR_NAME = AccentColor;
				CODE_SIGN_STYLE = Automatic;
				CURRENT_PROJECT_VERSION = 1;
				DEVELOPMENT_TEAM = 2WBD7U8CLH;
				GENERATE_INFOPLIST_FILE = YES;
				INFOPLIST_FILE = SquareMobileTakeHome/Info.plist;
				INFOPLIST_KEY_UIApplicationSupportsIndirectInputEvents = YES;
				INFOPLIST_KEY_UILaunchStoryboardName = LaunchScreen;
				INFOPLIST_KEY_UIMainStoryboardFile = Main;
				INFOPLIST_KEY_UIStatusBarHidden = YES;
				INFOPLIST_KEY_UISupportedInterfaceOrientations = UIInterfaceOrientationPortrait;
				INFOPLIST_KEY_UISupportedInterfaceOrientations_iPad = "UIInterfaceOrientationPortrait UIInterfaceOrientationPortraitUpsideDown UIInterfaceOrientationLandscapeLeft UIInterfaceOrientationLandscapeRight";
				INFOPLIST_KEY_UISupportedInterfaceOrientations_iPhone = "UIInterfaceOrientationPortrait UIInterfaceOrientationLandscapeLeft UIInterfaceOrientationLandscapeRight";
				IPHONEOS_DEPLOYMENT_TARGET = 14.0;
				LD_RUNPATH_SEARCH_PATHS = (
					"$(inherited)",
					"@executable_path/Frameworks",
				);
				MARKETING_VERSION = 1.0;
				PRODUCT_BUNDLE_IDENTIFIER = com.skyroth.SquareMobileTakeHome;
				PRODUCT_NAME = "$(TARGET_NAME)";
				SWIFT_EMIT_LOC_STRINGS = YES;
				SWIFT_VERSION = 5.0;
				TARGETED_DEVICE_FAMILY = 1;
			};
			name = Release;
		};
		BCAB5761291C5B3100F3FD30 /* Debug */ = {
			isa = XCBuildConfiguration;
			buildSettings = {
				BUNDLE_LOADER = "$(TEST_HOST)";
				CODE_SIGN_STYLE = Automatic;
				CURRENT_PROJECT_VERSION = 1;
				DEVELOPMENT_TEAM = 2WBD7U8CLH;
				GENERATE_INFOPLIST_FILE = YES;
				MARKETING_VERSION = 1.0;
				PRODUCT_BUNDLE_IDENTIFIER = com.skyroth.SquareMobileTakeHomeTests;
				PRODUCT_NAME = "$(TARGET_NAME)";
				SWIFT_EMIT_LOC_STRINGS = NO;
				SWIFT_VERSION = 5.0;
				TARGETED_DEVICE_FAMILY = "1,2";
				TEST_HOST = "$(BUILT_PRODUCTS_DIR)/SquareMobileTakeHome.app/SquareMobileTakeHome";
			};
			name = Debug;
		};
		BCAB5762291C5B3100F3FD30 /* Release */ = {
			isa = XCBuildConfiguration;
			buildSettings = {
				BUNDLE_LOADER = "$(TEST_HOST)";
				CODE_SIGN_STYLE = Automatic;
				CURRENT_PROJECT_VERSION = 1;
				DEVELOPMENT_TEAM = 2WBD7U8CLH;
				GENERATE_INFOPLIST_FILE = YES;
				MARKETING_VERSION = 1.0;
				PRODUCT_BUNDLE_IDENTIFIER = com.skyroth.SquareMobileTakeHomeTests;
				PRODUCT_NAME = "$(TARGET_NAME)";
				SWIFT_EMIT_LOC_STRINGS = NO;
				SWIFT_VERSION = 5.0;
				TARGETED_DEVICE_FAMILY = "1,2";
				TEST_HOST = "$(BUILT_PRODUCTS_DIR)/SquareMobileTakeHome.app/SquareMobileTakeHome";
			};
			name = Release;
		};
/* End XCBuildConfiguration section */

/* Begin XCConfigurationList section */
		BCAB571E291C3FC300F3FD30 /* Build configuration list for PBXProject "SquareMobileTakeHome" */ = {
			isa = XCConfigurationList;
			buildConfigurations = (
				BCAB5735291C3FC800F3FD30 /* Debug */,
				BCAB5736291C3FC800F3FD30 /* Release */,
			);
			defaultConfigurationIsVisible = 0;
			defaultConfigurationName = Release;
		};
		BCAB5737291C3FC800F3FD30 /* Build configuration list for PBXNativeTarget "SquareMobileTakeHome" */ = {
			isa = XCConfigurationList;
			buildConfigurations = (
				BCAB5738291C3FC800F3FD30 /* Debug */,
				BCAB5739291C3FC800F3FD30 /* Release */,
			);
			defaultConfigurationIsVisible = 0;
			defaultConfigurationName = Release;
		};
		BCAB5760291C5B3100F3FD30 /* Build configuration list for PBXNativeTarget "SquareMobileTakeHomeTests" */ = {
			isa = XCConfigurationList;
			buildConfigurations = (
				BCAB5761291C5B3100F3FD30 /* Debug */,
				BCAB5762291C5B3100F3FD30 /* Release */,
			);
			defaultConfigurationIsVisible = 0;
			defaultConfigurationName = Release;
		};
/* End XCConfigurationList section */
	};
	rootObject = BCAB571B291C3FC300F3FD30 /* Project object */;
}
